
Microsoft Visual Studio Solution File, Format Version 12.00
# Visual Studio Version 16
VisualStudioVersion = 16.0.29728.190
MinimumVisualStudioVersion = 10.0.40219.1
Project("{FAE04EC0-301F-11D3-BF4B-00C04F79EFBC}") = "BlazorPlusDemo", "BlazorPlusDemo\BlazorPlusDemo.csproj", "{B5631E5B-CC30-4042-9A71-B851BC9D9B92}"
EndProject
Global
	GlobalSection(SolutionConfigurationPlatforms) = preSolution
		Debug|Any CPU = Debug|Any CPU
		Release|Any CPU = Release|Any CPU
	EndGlobalSection
	GlobalSection(ProjectConfigurationPlatforms) = postSolution
		{B5631E5B-CC30-4042-9A71-B851BC9D9B92}.Debug|Any CPU.ActiveCfg = Debug|Any CPU
		{B5631E5B-CC30-4042-9A71-B851BC9D9B92}.Debug|Any CPU.Build.0 = Debug|Any CPU
		{B5631E5B-CC30-4042-9A71-B851BC9D9B92}.Release|Any CPU.ActiveCfg = Release|Any CPU
		{B5631E5B-CC30-4042-9A71-B851BC9D9B92}.Release|Any CPU.Build.0 = Release|Any CPU
	EndGlobalSection
	GlobalSection(SolutionProperties) = preSolution
		HideSolutionNode = FALSE
	EndGlobalSection
	GlobalSection(ExtensibilityGlobals) = postSolution
		SolutionGuid = {33900388-C053-4DC5-B208-7C45C114EDA5}
	EndGlobalSection
EndGlobal
